// !$*UTF8*$!
{
	archiveVersion = 1;
	classes = {
	};
	objectVersion = 45;
	objects = {

/* Begin PBXBuildFile section */
		46F0A60C16EDAC4D0091434A /* Move.cpp in Sources */ = {isa = PBXBuildFile; fileRef = 46F0A60416EDAC4D0091434A /* Move.cpp */; };
		46F0A63D16EDC5A70091434A /* Timer.cpp in Sources */ = {isa = PBXBuildFile; fileRef = 46F0A63B16EDC5A70091434A /* Timer.cpp */; };
		46F0A71C16EE974F0091434A /* Client.cpp in Sources */ = {isa = PBXBuildFile; fileRef = 46F0A71716EE974F0091434A /* Client.cpp */; };
		46FC5B0116EEE46E00332FD3 /* GameState.cpp in Sources */ = {isa = PBXBuildFile; fileRef = 46F0A71916EE974F0091434A /* GameState.cpp */; };
		46FC5B8B16EEF60F00332FD3 /* MyPlayer.cpp in Sources */ = {isa = PBXBuildFile; fileRef = 46F0A7E516EEC0230091434A /* MyPlayer.cpp */; };
		8DD76F6A0486A84900D96B5E /* Breakthrough Improved Alpha Beta.1 in CopyFiles */ = {isa = PBXBuildFile; fileRef = C6859E8B029090EE04C91782 /* Breakthrough Improved Alpha Beta.1 */; };
/* End PBXBuildFile section */

/* Begin PBXCopyFilesBuildPhase section */
		8DD76F690486A84900D96B5E /* CopyFiles */ = {
			isa = PBXCopyFilesBuildPhase;
			buildActionMask = 8;
			dstPath = /usr/share/man/man1/;
			dstSubfolderSpec = 0;
			files = (
				8DD76F6A0486A84900D96B5E /* Breakthrough Improved Alpha Beta.1 in CopyFiles */,
			);
			runOnlyForDeploymentPostprocessing = 1;
		};
/* End PBXCopyFilesBuildPhase section */

/* Begin PBXFileReference section */
		08FB7796FE84155DC02AAC07 /* main.cpp */ = {isa = PBXFileReference; fileEncoding = 4; lastKnownFileType = sourcecode.cpp.cpp; path = main.cpp; sourceTree = "<group>"; };
		46F0A5FD16EDAC4D0091434A /* Alpha Beta.cpp */ = {isa = PBXFileReference; fileEncoding = 4; lastKnownFileType = sourcecode.cpp.cpp; path = "Alpha Beta.cpp"; sourceTree = "<group>"; };
		46F0A5FE16EDAC4D0091434A /* Alpha Beta.h */ = {isa = PBXFileReference; fileEncoding = 4; lastKnownFileType = sourcecode.c.h; path = "Alpha Beta.h"; sourceTree = "<group>"; };
		46F0A5FF16EDAC4D0091434A /* Eval.cpp */ = {isa = PBXFileReference; fileEncoding = 4; lastKnownFileType = sourcecode.cpp.cpp; path = Eval.cpp; sourceTree = "<group>"; };
		46F0A60016EDAC4D0091434A /* Eval.h */ = {isa = PBXFileReference; fileEncoding = 4; lastKnownFileType = sourcecode.c.h; path = Eval.h; sourceTree = "<group>"; };
		46F0A60416EDAC4D0091434A /* Move.cpp */ = {isa = PBXFileReference; fileEncoding = 4; lastKnownFileType = sourcecode.cpp.cpp; path = Move.cpp; sourceTree = "<group>"; };
		46F0A60516EDAC4D0091434A /* Move.h */ = {isa = PBXFileReference; fileEncoding = 4; lastKnownFileType = sourcecode.c.h; path = Move.h; sourceTree = "<group>"; };
		46F0A60616EDAC4D0091434A /* Piece.h */ = {isa = PBXFileReference; fileEncoding = 4; lastKnownFileType = sourcecode.c.h; path = Piece.h; sourceTree = "<group>"; };
		46F0A63416EDBC770091434A /* ZobristValues.h */ = {isa = PBXFileReference; fileEncoding = 4; lastKnownFileType = sourcecode.c.h; path = ZobristValues.h; sourceTree = "<group>"; };
		46F0A63B16EDC5A70091434A /* Timer.cpp */ = {isa = PBXFileReference; fileEncoding = 4; lastKnownFileType = sourcecode.cpp.cpp; path = Timer.cpp; sourceTree = "<group>"; };
		46F0A63C16EDC5A70091434A /* Timer.h */ = {isa = PBXFileReference; fileEncoding = 4; lastKnownFileType = sourcecode.c.h; path = Timer.h; sourceTree = "<group>"; };
		46F0A71716EE974F0091434A /* Client.cpp */ = {isa = PBXFileReference; fileEncoding = 4; lastKnownFileType = sourcecode.cpp.cpp; path = Client.cpp; sourceTree = "<group>"; };
		46F0A71816EE974F0091434A /* Client.h */ = {isa = PBXFileReference; fileEncoding = 4; lastKnownFileType = sourcecode.c.h; path = Client.h; sourceTree = "<group>"; };
		46F0A71916EE974F0091434A /* GameState.cpp */ = {isa = PBXFileReference; fileEncoding = 4; lastKnownFileType = sourcecode.cpp.cpp; path = GameState.cpp; sourceTree = "<group>"; };
		46F0A71A16EE974F0091434A /* GameState.h */ = {isa = PBXFileReference; fileEncoding = 4; lastKnownFileType = sourcecode.c.h; path = GameState.h; sourceTree = "<group>"; };
		46F0A71B16EE974F0091434A /* String.h */ = {isa = PBXFileReference; fileEncoding = 4; lastKnownFileType = sourcecode.c.h; path = String.h; sourceTree = "<group>"; };
		46F0A72716EE97BD0091434A /* Players.h */ = {isa = PBXFileReference; fileEncoding = 4; lastKnownFileType = sourcecode.c.h; path = Players.h; sourceTree = "<group>"; };
		46F0A7E516EEC0230091434A /* MyPlayer.cpp */ = {isa = PBXFileReference; fileEncoding = 4; lastKnownFileType = sourcecode.cpp.cpp; path = MyPlayer.cpp; sourceTree = "<group>"; };
		46FC5AB116EEE14F00332FD3 /* Game.cpp */ = {isa = PBXFileReference; fileEncoding = 4; lastKnownFileType = sourcecode.cpp.cpp; path = Game.cpp; sourceTree = "<group>"; };
		46FC5AB216EEE14F00332FD3 /* Game.h */ = {isa = PBXFileReference; fileEncoding = 4; lastKnownFileType = sourcecode.c.h; path = Game.h; sourceTree = "<group>"; };
		46FC5AB316EEE14F00332FD3 /* SampleAgent.cpp */ = {isa = PBXFileReference; fileEncoding = 4; lastKnownFileType = sourcecode.cpp.cpp; path = SampleAgent.cpp; sourceTree = "<group>"; };
		8DD76F6C0486A84900D96B5E /* Breakthrough Improved Alpha Beta */ = {isa = PBXFileReference; explicitFileType = "compiled.mach-o.executable"; includeInIndex = 0; path = "Breakthrough Improved Alpha Beta"; sourceTree = BUILT_PRODUCTS_DIR; };
		C6859E8B029090EE04C91782 /* Breakthrough Improved Alpha Beta.1 */ = {isa = PBXFileReference; lastKnownFileType = text.man; path = "Breakthrough Improved Alpha Beta.1"; sourceTree = "<group>"; };
/* End PBXFileReference section */

/* Begin PBXFrameworksBuildPhase section */
		8DD76F660486A84900D96B5E /* Frameworks */ = {
			isa = PBXFrameworksBuildPhase;
			buildActionMask = 2147483647;
			files = (
			);
			runOnlyForDeploymentPostprocessing = 0;
		};
/* End PBXFrameworksBuildPhase section */

/* Begin PBXGroup section */
		08FB7794FE84155DC02AAC07 /* Breakthrough Improved Alpha Beta */ = {
			isa = PBXGroup;
			children = (
				46FC5AB116EEE14F00332FD3 /* Game.cpp */,
				46FC5AB216EEE14F00332FD3 /* Game.h */,
				46FC5AB316EEE14F00332FD3 /* SampleAgent.cpp */,
				46F0A7E516EEC0230091434A /* MyPlayer.cpp */,
				46F0A72716EE97BD0091434A /* Players.h */,
				46F0A71716EE974F0091434A /* Client.cpp */,
				46F0A71816EE974F0091434A /* Client.h */,
				46F0A71916EE974F0091434A /* GameState.cpp */,
				46F0A71A16EE974F0091434A /* GameState.h */,
				46F0A71B16EE974F0091434A /* String.h */,
				46F0A63B16EDC5A70091434A /* Timer.cpp */,
				46F0A63C16EDC5A70091434A /* Timer.h */,
				46F0A63416EDBC770091434A /* ZobristValues.h */,
				46F0A5FD16EDAC4D0091434A /* Alpha Beta.cpp */,
				46F0A5FE16EDAC4D0091434A /* Alpha Beta.h */,
				46F0A5FF16EDAC4D0091434A /* Eval.cpp */,
				46F0A60016EDAC4D0091434A /* Eval.h */,
				46F0A60416EDAC4D0091434A /* Move.cpp */,
				46F0A60516EDAC4D0091434A /* Move.h */,
				46F0A60616EDAC4D0091434A /* Piece.h */,
				08FB7795FE84155DC02AAC07 /* Source */,
				C6859E8C029090F304C91782 /* Documentation */,
				1AB674ADFE9D54B511CA2CBB /* Products */,
			);
			name = "Breakthrough Improved Alpha Beta";
			sourceTree = "<group>";
		};
		08FB7795FE84155DC02AAC07 /* Source */ = {
			isa = PBXGroup;
			children = (
				08FB7796FE84155DC02AAC07 /* main.cpp */,
			);
			name = Source;
			sourceTree = "<group>";
		};
		1AB674ADFE9D54B511CA2CBB /* Products */ = {
			isa = PBXGroup;
			children = (
				8DD76F6C0486A84900D96B5E /* Breakthrough Improved Alpha Beta */,
			);
			name = Products;
			sourceTree = "<group>";
		};
		C6859E8C029090F304C91782 /* Documentation */ = {
			isa = PBXGroup;
			children = (
				C6859E8B029090EE04C91782 /* Breakthrough Improved Alpha Beta.1 */,
			);
			name = Documentation;
			sourceTree = "<group>";
		};
/* End PBXGroup section */

/* Begin PBXNativeTarget section */
		8DD76F620486A84900D96B5E /* Breakthrough Improved Alpha Beta */ = {
			isa = PBXNativeTarget;
			buildConfigurationList = 1DEB923108733DC60010E9CD /* Build configuration list for PBXNativeTarget "Breakthrough Improved Alpha Beta" */;
			buildPhases = (
				8DD76F640486A84900D96B5E /* Sources */,
				8DD76F660486A84900D96B5E /* Frameworks */,
				8DD76F690486A84900D96B5E /* CopyFiles */,
			);
			buildRules = (
			);
			dependencies = (
			);
			name = "Breakthrough Improved Alpha Beta";
			productInstallPath = "$(HOME)/bin";
			productName = "Breakthrough Improved Alpha Beta";
			productReference = 8DD76F6C0486A84900D96B5E /* Breakthrough Improved Alpha Beta */;
			productType = "com.apple.product-type.tool";
		};
/* End PBXNativeTarget section */

/* Begin PBXProject section */
		08FB7793FE84155DC02AAC07 /* Project object */ = {
			isa = PBXProject;
			buildConfigurationList = 1DEB923508733DC60010E9CD /* Build configuration list for PBXProject "Breakthrough Improved Alpha Beta" */;
			compatibilityVersion = "Xcode 3.1";
			developmentRegion = English;
			hasScannedForEncodings = 1;
			knownRegions = (
				English,
				Japanese,
				French,
				German,
			);
			mainGroup = 08FB7794FE84155DC02AAC07 /* Breakthrough Improved Alpha Beta */;
			projectDirPath = "";
			projectRoot = "";
			targets = (
				8DD76F620486A84900D96B5E /* Breakthrough Improved Alpha Beta */,
			);
		};
/* End PBXProject section */

/* Begin PBXSourcesBuildPhase section */
		8DD76F640486A84900D96B5E /* Sources */ = {
			isa = PBXSourcesBuildPhase;
			buildActionMask = 2147483647;
			files = (
				46F0A60C16EDAC4D0091434A /* Move.cpp in Sources */,
				46F0A63D16EDC5A70091434A /* Timer.cpp in Sources */,
				46F0A71C16EE974F0091434A /* Client.cpp in Sources */,
				46FC5B0116EEE46E00332FD3 /* GameState.cpp in Sources */,
				46FC5B8B16EEF60F00332FD3 /* MyPlayer.cpp in Sources */,
			);
			runOnlyForDeploymentPostprocessing = 0;
		};
/* End PBXSourcesBuildPhase section */

/* Begin XCBuildConfiguration section */
		1DEB923208733DC60010E9CD /* Debug */ = {
			isa = XCBuildConfiguration;
			buildSettings = {
				ALWAYS_SEARCH_USER_PATHS = NO;
				COPY_PHASE_STRIP = NO;
				GCC_DYNAMIC_NO_PIC = NO;
				GCC_ENABLE_FIX_AND_CONTINUE = YES;
				GCC_MODEL_TUNING = G5;
				GCC_OPTIMIZATION_LEVEL = 0;
				INSTALL_PATH = /usr/local/bin;
				PRODUCT_NAME = "Breakthrough Improved Alpha Beta";
			};
			name = Debug;
		};
		1DEB923308733DC60010E9CD /* Release */ = {
			isa = XCBuildConfiguration;
			buildSettings = {
				ALWAYS_SEARCH_USER_PATHS = NO;
				DEBUG_INFORMATION_FORMAT = "dwarf-with-dsym";
				GCC_MODEL_TUNING = G5;
				INSTALL_PATH = /usr/local/bin;
				PRODUCT_NAME = "Breakthrough Improved Alpha Beta";
			};
			name = Release;
		};
		1DEB923608733DC60010E9CD /* Debug */ = {
			isa = XCBuildConfiguration;
			buildSettings = {
				ARCHS = "$(ARCHS_STANDARD_32_64_BIT)";
				GCC_C_LANGUAGE_STANDARD = gnu99;
				GCC_OPTIMIZATION_LEVEL = 0;
				GCC_WARN_ABOUT_RETURN_TYPE = YES;
				GCC_WARN_UNUSED_VARIABLE = YES;
				ONLY_ACTIVE_ARCH = YES;
				PREBINDING = NO;
				SDKROOT = macosx10.6;
			};
			name = Debug;
		};
		1DEB923708733DC60010E9CD /* Release */ = {
			isa = XCBuildConfiguration;
			buildSettings = {
				ARCHS = "$(ARCHS_STANDARD_32_64_BIT)";
				GCC_C_LANGUAGE_STANDARD = gnu99;
				GCC_WARN_ABOUT_RETURN_TYPE = YES;
				GCC_WARN_UNUSED_VARIABLE = YES;
				PREBINDING = NO;
				SDKROOT = macosx10.6;
			};
			name = Release;
		};
/* End XCBuildConfiguration section */

/* Begin XCConfigurationList section */
		1DEB923108733DC60010E9CD /* Build configuration list for PBXNativeTarget "Breakthrough Improved Alpha Beta" */ = {
			isa = XCConfigurationList;
			buildConfigurations = (
				1DEB923208733DC60010E9CD /* Debug */,
				1DEB923308733DC60010E9CD /* Release */,
			);
			defaultConfigurationIsVisible = 0;
			defaultConfigurationName = Release;
		};
		1DEB923508733DC60010E9CD /* Build configuration list for PBXProject "Breakthrough Improved Alpha Beta" */ = {
			isa = XCConfigurationList;
			buildConfigurations = (
				1DEB923608733DC60010E9CD /* Debug */,
				1DEB923708733DC60010E9CD /* Release */,
			);
			defaultConfigurationIsVisible = 0;
			defaultConfigurationName = Release;
		};
/* End XCConfigurationList section */
	};
	rootObject = 08FB7793FE84155DC02AAC07 /* Project object */;
}
